// !$*UTF8*$!
{
	archiveVersion = 1;
	classes = {
	};
	objectVersion = 46;
	objects = {

/* Begin PBXBuildFile section */
		AB0AD08F1C0CAA6800A5F8A2 /* main.m in Sources */ = {isa = PBXBuildFile; fileRef = AB0AD08E1C0CAA6800A5F8A2 /* main.m */; };
		AB0AD09A1C0CAA6800A5F8A2 /* Assets.xcassets in Resources */ = {isa = PBXBuildFile; fileRef = AB0AD0991C0CAA6800A5F8A2 /* Assets.xcassets */; };
		AB0AD09D1C0CAA6800A5F8A2 /* LaunchScreen.storyboard in Resources */ = {isa = PBXBuildFile; fileRef = AB0AD09B1C0CAA6800A5F8A2 /* LaunchScreen.storyboard */; };
		AB0AD0BF1C0CAC1600A5F8A2 /* CDXAuthor.m in Sources */ = {isa = PBXBuildFile; fileRef = AB0AD0BC1C0CAC1600A5F8A2 /* CDXAuthor.m */; };
		AB0AD0C01C0CAC1600A5F8A2 /* CDXBook.m in Sources */ = {isa = PBXBuildFile; fileRef = AB0AD0BE1C0CAC1600A5F8A2 /* CDXBook.m */; };
		AB0AD0C21C0CAE9700A5F8A2 /* ExampleModelTests.m in Sources */ = {isa = PBXBuildFile; fileRef = AB0AD0C11C0CAE9700A5F8A2 /* ExampleModelTests.m */; };
		AB0AD0C41C0CAF0600A5F8A2 /* Codex.framework in Frameworks */ = {isa = PBXBuildFile; fileRef = AB0AD0C31C0CAF0600A5F8A2 /* Codex.framework */; };
		AB0AD0D91C0CE49F00A5F8A2 /* Authors.plist in Resources */ = {isa = PBXBuildFile; fileRef = AB0AD0D71C0CE49F00A5F8A2 /* Authors.plist */; };
		AB0AD0DA1C0CE49F00A5F8A2 /* Authors.plist in Resources */ = {isa = PBXBuildFile; fileRef = AB0AD0D71C0CE49F00A5F8A2 /* Authors.plist */; };
		AB0AD0E31C0CEC2100A5F8A2 /* Authors.xcdatamodeld in Sources */ = {isa = PBXBuildFile; fileRef = AB0AD0E11C0CEC2100A5F8A2 /* Authors.xcdatamodeld */; };
		AB0AD0E41C0CEC2100A5F8A2 /* Authors.xcdatamodeld in Sources */ = {isa = PBXBuildFile; fileRef = AB0AD0E11C0CEC2100A5F8A2 /* Authors.xcdatamodeld */; };
		AB0AD0E71C0CF0D000A5F8A2 /* LICENSE.txt in Resources */ = {isa = PBXBuildFile; fileRef = AB0AD0E51C0CF0D000A5F8A2 /* LICENSE.txt */; };
		AB0AD0E81C0CF0D000A5F8A2 /* LICENSE.txt in Resources */ = {isa = PBXBuildFile; fileRef = AB0AD0E51C0CF0D000A5F8A2 /* LICENSE.txt */; };
		AB0AD1051C10CFFA00A5F8A2 /* Authors_v2.plist in Resources */ = {isa = PBXBuildFile; fileRef = AB0AD1041C10CFFA00A5F8A2 /* Authors_v2.plist */; };
		AB0AD1061C10D6A300A5F8A2 /* Authors_v2.plist in Resources */ = {isa = PBXBuildFile; fileRef = AB0AD1041C10CFFA00A5F8A2 /* Authors_v2.plist */; };
		AB0AD1121C16122B00A5F8A2 /* Authors_v2.json in Resources */ = {isa = PBXBuildFile; fileRef = AB0AD1111C16122B00A5F8A2 /* Authors_v2.json */; };
		AB0AD1141C1618F700A5F8A2 /* FirstAuthor_v2.json in Resources */ = {isa = PBXBuildFile; fileRef = AB0AD1131C1618F700A5F8A2 /* FirstAuthor_v2.json */; };
		AB0AD1151C161A6700A5F8A2 /* FirstAuthor_v2.json in Resources */ = {isa = PBXBuildFile; fileRef = AB0AD1131C1618F700A5F8A2 /* FirstAuthor_v2.json */; };
		AB0AD1201C163BF800A5F8A2 /* ELTDataSource.m in Sources */ = {isa = PBXBuildFile; fileRef = AB0AD11F1C163BF800A5F8A2 /* ELTDataSource.m */; };
		AB0AD1231C163D3700A5F8A2 /* ELTBooksController.m in Sources */ = {isa = PBXBuildFile; fileRef = AB0AD1221C163D3700A5F8A2 /* ELTBooksController.m */; };
		AB0AD1261C163D6F00A5F8A2 /* UIImage+ELTAdditions.m in Sources */ = {isa = PBXBuildFile; fileRef = AB0AD1251C163D6F00A5F8A2 /* UIImage+ELTAdditions.m */; };
		AB0AD1291C163D7D00A5F8A2 /* ELTBookCell.m in Sources */ = {isa = PBXBuildFile; fileRef = AB0AD1281C163D7D00A5F8A2 /* ELTBookCell.m */; };
		AB0AD12C1C163DE700A5F8A2 /* ELTObjectStore.m in Sources */ = {isa = PBXBuildFile; fileRef = AB0AD12B1C163DE700A5F8A2 /* ELTObjectStore.m */; };
		AB0AD12F1C16495100A5F8A2 /* ELTBookDetailController.m in Sources */ = {isa = PBXBuildFile; fileRef = AB0AD12E1C16495100A5F8A2 /* ELTBookDetailController.m */; };
		AB0AD1321C16496E00A5F8A2 /* UIColor+ELTColorScheme.m in Sources */ = {isa = PBXBuildFile; fileRef = AB0AD1311C16496E00A5F8A2 /* UIColor+ELTColorScheme.m */; };
		AB0AD1341C16500E00A5F8A2 /* Main.storyboard in Resources */ = {isa = PBXBuildFile; fileRef = AB0AD1331C16500E00A5F8A2 /* Main.storyboard */; };
		AB0AD1371C16502900A5F8A2 /* ELTAppDelegate.m in Sources */ = {isa = PBXBuildFile; fileRef = AB0AD1361C16502900A5F8A2 /* ELTAppDelegate.m */; };
		AB0AD13A1C16551400A5F8A2 /* Authors.xcassets in Resources */ = {isa = PBXBuildFile; fileRef = AB0AD1381C16551400A5F8A2 /* Authors.xcassets */; };
		AB0AD13B1C16551400A5F8A2 /* Books.xcassets in Resources */ = {isa = PBXBuildFile; fileRef = AB0AD1391C16551400A5F8A2 /* Books.xcassets */; };
/* End PBXBuildFile section */

/* Begin PBXContainerItemProxy section */
		AB0AD0A41C0CAA6800A5F8A2 /* PBXContainerItemProxy */ = {
			isa = PBXContainerItemProxy;
			containerPortal = AB0AD0821C0CAA6800A5F8A2 /* Project object */;
			proxyType = 1;
			remoteGlobalIDString = AB0AD0891C0CAA6800A5F8A2;
			remoteInfo = CodexExample;
		};
		AB0AD0CE1C0CB84100A5F8A2 /* PBXContainerItemProxy */ = {
			isa = PBXContainerItemProxy;
			containerPortal = AB0AD0C91C0CB84100A5F8A2 /* Codex.xcodeproj */;
			proxyType = 2;
			remoteGlobalIDString = AB0AD0671C0CAA2900A5F8A2;
			remoteInfo = Codex;
		};
		AB0AD0D01C0CB84100A5F8A2 /* PBXContainerItemProxy */ = {
			isa = PBXContainerItemProxy;
			containerPortal = AB0AD0C91C0CB84100A5F8A2 /* Codex.xcodeproj */;
			proxyType = 2;
			remoteGlobalIDString = AB0AD0711C0CAA2900A5F8A2;
			remoteInfo = CodexTests;
		};
		AB0AD0D51C0CE2C500A5F8A2 /* PBXContainerItemProxy */ = {
			isa = PBXContainerItemProxy;
			containerPortal = AB0AD0C91C0CB84100A5F8A2 /* Codex.xcodeproj */;
			proxyType = 1;
			remoteGlobalIDString = AB0AD0661C0CAA2900A5F8A2;
			remoteInfo = Codex;
		};
/* End PBXContainerItemProxy section */

/* Begin PBXFileReference section */
		AB0AD08A1C0CAA6800A5F8A2 /* CodexExample.app */ = {isa = PBXFileReference; explicitFileType = wrapper.application; includeInIndex = 0; path = CodexExample.app; sourceTree = BUILT_PRODUCTS_DIR; };
		AB0AD08E1C0CAA6800A5F8A2 /* main.m */ = {isa = PBXFileReference; lastKnownFileType = sourcecode.c.objc; path = main.m; sourceTree = "<group>"; };
		AB0AD0991C0CAA6800A5F8A2 /* Assets.xcassets */ = {isa = PBXFileReference; lastKnownFileType = folder.assetcatalog; path = Assets.xcassets; sourceTree = "<group>"; };
		AB0AD09C1C0CAA6800A5F8A2 /* Base */ = {isa = PBXFileReference; lastKnownFileType = file.storyboard; name = Base; path = Base.lproj/LaunchScreen.storyboard; sourceTree = "<group>"; };
		AB0AD09E1C0CAA6800A5F8A2 /* Info.plist */ = {isa = PBXFileReference; lastKnownFileType = text.plist.xml; path = Info.plist; sourceTree = "<group>"; };
		AB0AD0A31C0CAA6800A5F8A2 /* CodexExampleTests.xctest */ = {isa = PBXFileReference; explicitFileType = wrapper.cfbundle; includeInIndex = 0; path = CodexExampleTests.xctest; sourceTree = BUILT_PRODUCTS_DIR; };
		AB0AD0A91C0CAA6800A5F8A2 /* Info.plist */ = {isa = PBXFileReference; lastKnownFileType = text.plist.xml; path = Info.plist; sourceTree = "<group>"; };
		AB0AD0BB1C0CAC1600A5F8A2 /* CDXAuthor.h */ = {isa = PBXFileReference; fileEncoding = 4; lastKnownFileType = sourcecode.c.h; path = CDXAuthor.h; sourceTree = "<group>"; };
		AB0AD0BC1C0CAC1600A5F8A2 /* CDXAuthor.m */ = {isa = PBXFileReference; fileEncoding = 4; lastKnownFileType = sourcecode.c.objc; path = CDXAuthor.m; sourceTree = "<group>"; };
		AB0AD0BD1C0CAC1600A5F8A2 /* CDXBook.h */ = {isa = PBXFileReference; fileEncoding = 4; lastKnownFileType = sourcecode.c.h; path = CDXBook.h; sourceTree = "<group>"; };
		AB0AD0BE1C0CAC1600A5F8A2 /* CDXBook.m */ = {isa = PBXFileReference; fileEncoding = 4; lastKnownFileType = sourcecode.c.objc; path = CDXBook.m; sourceTree = "<group>"; };
		AB0AD0C11C0CAE9700A5F8A2 /* ExampleModelTests.m */ = {isa = PBXFileReference; fileEncoding = 4; lastKnownFileType = sourcecode.c.objc; path = ExampleModelTests.m; sourceTree = "<group>"; };
		AB0AD0C31C0CAF0600A5F8A2 /* Codex.framework */ = {isa = PBXFileReference; lastKnownFileType = wrapper.framework; name = Codex.framework; path = "../../../../../../private/tmp/Debug-iphoneos/Codex.framework"; sourceTree = "<group>"; };
		AB0AD0C91C0CB84100A5F8A2 /* Codex.xcodeproj */ = {isa = PBXFileReference; lastKnownFileType = "wrapper.pb-project"; name = Codex.xcodeproj; path = ../../Codex/Codex.xcodeproj; sourceTree = "<group>"; };
		AB0AD0D71C0CE49F00A5F8A2 /* Authors.plist */ = {isa = PBXFileReference; lastKnownFileType = text.plist; path = Authors.plist; sourceTree = "<group>"; };
		AB0AD0E21C0CEC2100A5F8A2 /* Authors.xcdatamodel */ = {isa = PBXFileReference; lastKnownFileType = wrapper.xcdatamodel; path = Authors.xcdatamodel; sourceTree = "<group>"; };
		AB0AD0E51C0CF0D000A5F8A2 /* LICENSE.txt */ = {isa = PBXFileReference; fileEncoding = 4; lastKnownFileType = text; path = LICENSE.txt; sourceTree = "<group>"; };
		AB0AD0E61C0CF0D000A5F8A2 /* README.md */ = {isa = PBXFileReference; fileEncoding = 4; lastKnownFileType = net.daringfireball.markdown; path = README.md; sourceTree = "<group>"; };
		AB0AD0FD1C0FBE1700A5F8A2 /* Authors 2.xcdatamodel */ = {isa = PBXFileReference; lastKnownFileType = wrapper.xcdatamodel; path = "Authors 2.xcdatamodel"; sourceTree = "<group>"; };
		AB0AD1041C10CFFA00A5F8A2 /* Authors_v2.plist */ = {isa = PBXFileReference; lastKnownFileType = text.plist; path = Authors_v2.plist; sourceTree = "<group>"; };
		AB0AD1111C16122B00A5F8A2 /* Authors_v2.json */ = {isa = PBXFileReference; fileEncoding = 4; lastKnownFileType = text.json; path = Authors_v2.json; sourceTree = "<group>"; };
		AB0AD1131C1618F700A5F8A2 /* FirstAuthor_v2.json */ = {isa = PBXFileReference; fileEncoding = 4; lastKnownFileType = text.json; path = FirstAuthor_v2.json; sourceTree = "<group>"; };
		AB0AD11E1C163BF800A5F8A2 /* ELTDataSource.h */ = {isa = PBXFileReference; fileEncoding = 4; lastKnownFileType = sourcecode.c.h; path = ELTDataSource.h; sourceTree = "<group>"; };
		AB0AD11F1C163BF800A5F8A2 /* ELTDataSource.m */ = {isa = PBXFileReference; fileEncoding = 4; lastKnownFileType = sourcecode.c.objc; path = ELTDataSource.m; sourceTree = "<group>"; };
		AB0AD1211C163D3700A5F8A2 /* ELTBooksController.h */ = {isa = PBXFileReference; fileEncoding = 4; lastKnownFileType = sourcecode.c.h; path = ELTBooksController.h; sourceTree = "<group>"; };
		AB0AD1221C163D3700A5F8A2 /* ELTBooksController.m */ = {isa = PBXFileReference; fileEncoding = 4; lastKnownFileType = sourcecode.c.objc; path = ELTBooksController.m; sourceTree = "<group>"; };
		AB0AD1241C163D6F00A5F8A2 /* UIImage+ELTAdditions.h */ = {isa = PBXFileReference; fileEncoding = 4; lastKnownFileType = sourcecode.c.h; path = "UIImage+ELTAdditions.h"; sourceTree = "<group>"; };
		AB0AD1251C163D6F00A5F8A2 /* UIImage+ELTAdditions.m */ = {isa = PBXFileReference; fileEncoding = 4; lastKnownFileType = sourcecode.c.objc; path = "UIImage+ELTAdditions.m"; sourceTree = "<group>"; };
		AB0AD1271C163D7D00A5F8A2 /* ELTBookCell.h */ = {isa = PBXFileReference; fileEncoding = 4; lastKnownFileType = sourcecode.c.h; path = ELTBookCell.h; sourceTree = "<group>"; };
		AB0AD1281C163D7D00A5F8A2 /* ELTBookCell.m */ = {isa = PBXFileReference; fileEncoding = 4; lastKnownFileType = sourcecode.c.objc; path = ELTBookCell.m; sourceTree = "<group>"; };
		AB0AD12A1C163DE700A5F8A2 /* ELTObjectStore.h */ = {isa = PBXFileReference; fileEncoding = 4; lastKnownFileType = sourcecode.c.h; path = ELTObjectStore.h; sourceTree = "<group>"; };
		AB0AD12B1C163DE700A5F8A2 /* ELTObjectStore.m */ = {isa = PBXFileReference; fileEncoding = 4; lastKnownFileType = sourcecode.c.objc; path = ELTObjectStore.m; sourceTree = "<group>"; };
		AB0AD12D1C16495100A5F8A2 /* ELTBookDetailController.h */ = {isa = PBXFileReference; fileEncoding = 4; lastKnownFileType = sourcecode.c.h; path = ELTBookDetailController.h; sourceTree = "<group>"; };
		AB0AD12E1C16495100A5F8A2 /* ELTBookDetailController.m */ = {isa = PBXFileReference; fileEncoding = 4; lastKnownFileType = sourcecode.c.objc; path = ELTBookDetailController.m; sourceTree = "<group>"; };
		AB0AD1301C16496E00A5F8A2 /* UIColor+ELTColorScheme.h */ = {isa = PBXFileReference; fileEncoding = 4; lastKnownFileType = sourcecode.c.h; path = "UIColor+ELTColorScheme.h"; sourceTree = "<group>"; };
		AB0AD1311C16496E00A5F8A2 /* UIColor+ELTColorScheme.m */ = {isa = PBXFileReference; fileEncoding = 4; lastKnownFileType = sourcecode.c.objc; path = "UIColor+ELTColorScheme.m"; sourceTree = "<group>"; };
		AB0AD1331C16500E00A5F8A2 /* Main.storyboard */ = {isa = PBXFileReference; fileEncoding = 4; lastKnownFileType = file.storyboard; path = Main.storyboard; sourceTree = "<group>"; };
		AB0AD1351C16502900A5F8A2 /* ELTAppDelegate.h */ = {isa = PBXFileReference; fileEncoding = 4; lastKnownFileType = sourcecode.c.h; path = ELTAppDelegate.h; sourceTree = "<group>"; };
		AB0AD1361C16502900A5F8A2 /* ELTAppDelegate.m */ = {isa = PBXFileReference; fileEncoding = 4; lastKnownFileType = sourcecode.c.objc; path = ELTAppDelegate.m; sourceTree = "<group>"; };
		AB0AD1381C16551400A5F8A2 /* Authors.xcassets */ = {isa = PBXFileReference; lastKnownFileType = folder.assetcatalog; path = Authors.xcassets; sourceTree = "<group>"; };
		AB0AD1391C16551400A5F8A2 /* Books.xcassets */ = {isa = PBXFileReference; lastKnownFileType = folder.assetcatalog; path = Books.xcassets; sourceTree = "<group>"; };
/* End PBXFileReference section */

/* Begin PBXFrameworksBuildPhase section */
		AB0AD0871C0CAA6800A5F8A2 /* Frameworks */ = {
			isa = PBXFrameworksBuildPhase;
			buildActionMask = 2147483647;
			files = (
				AB0AD0C41C0CAF0600A5F8A2 /* Codex.framework in Frameworks */,
			);
			runOnlyForDeploymentPostprocessing = 0;
		};
		AB0AD0A01C0CAA6800A5F8A2 /* Frameworks */ = {
			isa = PBXFrameworksBuildPhase;
			buildActionMask = 2147483647;
			files = (
			);
			runOnlyForDeploymentPostprocessing = 0;
		};
/* End PBXFrameworksBuildPhase section */

/* Begin PBXGroup section */
		AB0AD0811C0CAA6800A5F8A2 = {
			isa = PBXGroup;
			children = (
				AB0AD0C31C0CAF0600A5F8A2 /* Codex.framework */,
				AB0AD0E51C0CF0D000A5F8A2 /* LICENSE.txt */,
				AB0AD0E61C0CF0D000A5F8A2 /* README.md */,
				AB0AD08C1C0CAA6800A5F8A2 /* CodexExample */,
				AB0AD0A61C0CAA6800A5F8A2 /* CodexExampleTests */,
				AB0AD08B1C0CAA6800A5F8A2 /* Products */,
			);
			sourceTree = "<group>";
		};
		AB0AD08B1C0CAA6800A5F8A2 /* Products */ = {
			isa = PBXGroup;
			children = (
				AB0AD08A1C0CAA6800A5F8A2 /* CodexExample.app */,
				AB0AD0A31C0CAA6800A5F8A2 /* CodexExampleTests.xctest */,
			);
			name = Products;
			sourceTree = "<group>";
		};
		AB0AD08C1C0CAA6800A5F8A2 /* CodexExample */ = {
			isa = PBXGroup;
			children = (
				AB0AD0C91C0CB84100A5F8A2 /* Codex.xcodeproj */,
				AB0AD0BA1C0CABED00A5F8A2 /* Model */,
				AB0AD1351C16502900A5F8A2 /* ELTAppDelegate.h */,
				AB0AD1361C16502900A5F8A2 /* ELTAppDelegate.m */,
				AB0AD1211C163D3700A5F8A2 /* ELTBooksController.h */,
				AB0AD1221C163D3700A5F8A2 /* ELTBooksController.m */,
				AB0AD12D1C16495100A5F8A2 /* ELTBookDetailController.h */,
				AB0AD12E1C16495100A5F8A2 /* ELTBookDetailController.m */,
				AB0AD11E1C163BF800A5F8A2 /* ELTDataSource.h */,
				AB0AD11F1C163BF800A5F8A2 /* ELTDataSource.m */,
				AB0AD12A1C163DE700A5F8A2 /* ELTObjectStore.h */,
				AB0AD12B1C163DE700A5F8A2 /* ELTObjectStore.m */,
				AB0AD1271C163D7D00A5F8A2 /* ELTBookCell.h */,
				AB0AD1281C163D7D00A5F8A2 /* ELTBookCell.m */,
				AB0AD1241C163D6F00A5F8A2 /* UIImage+ELTAdditions.h */,
				AB0AD1251C163D6F00A5F8A2 /* UIImage+ELTAdditions.m */,
				AB0AD1301C16496E00A5F8A2 /* UIColor+ELTColorScheme.h */,
				AB0AD1311C16496E00A5F8A2 /* UIColor+ELTColorScheme.m */,
				AB0AD1331C16500E00A5F8A2 /* Main.storyboard */,
				AB0AD1381C16551400A5F8A2 /* Authors.xcassets */,
				AB0AD1391C16551400A5F8A2 /* Books.xcassets */,
				AB0AD0991C0CAA6800A5F8A2 /* Assets.xcassets */,
				AB0AD09B1C0CAA6800A5F8A2 /* LaunchScreen.storyboard */,
				AB0AD09E1C0CAA6800A5F8A2 /* Info.plist */,
				AB0AD0D71C0CE49F00A5F8A2 /* Authors.plist */,
				AB0AD1041C10CFFA00A5F8A2 /* Authors_v2.plist */,
				AB0AD1111C16122B00A5F8A2 /* Authors_v2.json */,
				AB0AD1131C1618F700A5F8A2 /* FirstAuthor_v2.json */,
				AB0AD0E11C0CEC2100A5F8A2 /* Authors.xcdatamodeld */,
				AB0AD08D1C0CAA6800A5F8A2 /* Supporting Files */,
			);
			path = CodexExample;
			sourceTree = "<group>";
		};
		AB0AD08D1C0CAA6800A5F8A2 /* Supporting Files */ = {
			isa = PBXGroup;
			children = (
				AB0AD08E1C0CAA6800A5F8A2 /* main.m */,
			);
			name = "Supporting Files";
			sourceTree = "<group>";
		};
		AB0AD0A61C0CAA6800A5F8A2 /* CodexExampleTests */ = {
			isa = PBXGroup;
			children = (
				AB0AD0C11C0CAE9700A5F8A2 /* ExampleModelTests.m */,
				AB0AD0A91C0CAA6800A5F8A2 /* Info.plist */,
			);
			path = CodexExampleTests;
			sourceTree = "<group>";
		};
		AB0AD0BA1C0CABED00A5F8A2 /* Model */ = {
			isa = PBXGroup;
			children = (
				AB0AD0BB1C0CAC1600A5F8A2 /* CDXAuthor.h */,
				AB0AD0BC1C0CAC1600A5F8A2 /* CDXAuthor.m */,
				AB0AD0BD1C0CAC1600A5F8A2 /* CDXBook.h */,
				AB0AD0BE1C0CAC1600A5F8A2 /* CDXBook.m */,
			);
			name = Model;
			sourceTree = "<group>";
		};
		AB0AD0CA1C0CB84100A5F8A2 /* Products */ = {
			isa = PBXGroup;
			children = (
				AB0AD0CF1C0CB84100A5F8A2 /* Codex.framework */,
				AB0AD0D11C0CB84100A5F8A2 /* CodexTests.xctest */,
			);
			name = Products;
			sourceTree = "<group>";
		};
/* End PBXGroup section */

/* Begin PBXNativeTarget section */
		AB0AD0891C0CAA6800A5F8A2 /* CodexExample */ = {
			isa = PBXNativeTarget;
			buildConfigurationList = AB0AD0AC1C0CAA6800A5F8A2 /* Build configuration list for PBXNativeTarget "CodexExample" */;
			buildPhases = (
				AB0AD0861C0CAA6800A5F8A2 /* Sources */,
				AB0AD0871C0CAA6800A5F8A2 /* Frameworks */,
				AB0AD0881C0CAA6800A5F8A2 /* Resources */,
			);
			buildRules = (
			);
			dependencies = (
				AB0AD0D61C0CE2C500A5F8A2 /* PBXTargetDependency */,
			);
			name = CodexExample;
			productName = CodexExample;
			productReference = AB0AD08A1C0CAA6800A5F8A2 /* CodexExample.app */;
			productType = "com.apple.product-type.application";
		};
		AB0AD0A21C0CAA6800A5F8A2 /* CodexExampleTests */ = {
			isa = PBXNativeTarget;
			buildConfigurationList = AB0AD0AF1C0CAA6800A5F8A2 /* Build configuration list for PBXNativeTarget "CodexExampleTests" */;
			buildPhases = (
				AB0AD09F1C0CAA6800A5F8A2 /* Sources */,
				AB0AD0A01C0CAA6800A5F8A2 /* Frameworks */,
				AB0AD0A11C0CAA6800A5F8A2 /* Resources */,
			);
			buildRules = (
			);
			dependencies = (
				AB0AD0A51C0CAA6800A5F8A2 /* PBXTargetDependency */,
			);
			name = CodexExampleTests;
			productName = CodexExampleTests;
			productReference = AB0AD0A31C0CAA6800A5F8A2 /* CodexExampleTests.xctest */;
			productType = "com.apple.product-type.bundle.unit-test";
		};
/* End PBXNativeTarget section */

/* Begin PBXProject section */
		AB0AD0821C0CAA6800A5F8A2 /* Project object */ = {
			isa = PBXProject;
			attributes = {
				LastUpgradeCheck = 0710;
				ORGANIZATIONNAME = "About Objects";
				TargetAttributes = {
					AB0AD0891C0CAA6800A5F8A2 = {
						CreatedOnToolsVersion = 7.1.1;
					};
					AB0AD0A21C0CAA6800A5F8A2 = {
						CreatedOnToolsVersion = 7.1.1;
						TestTargetID = AB0AD0891C0CAA6800A5F8A2;
					};
				};
			};
			buildConfigurationList = AB0AD0851C0CAA6800A5F8A2 /* Build configuration list for PBXProject "CodexExample" */;
			compatibilityVersion = "Xcode 3.2";
			developmentRegion = English;
			hasScannedForEncodings = 0;
			knownRegions = (
				en,
				Base,
			);
			mainGroup = AB0AD0811C0CAA6800A5F8A2;
			productRefGroup = AB0AD08B1C0CAA6800A5F8A2 /* Products */;
			projectDirPath = "";
			projectReferences = (
				{
					ProductGroup = AB0AD0CA1C0CB84100A5F8A2 /* Products */;
					ProjectRef = AB0AD0C91C0CB84100A5F8A2 /* Codex.xcodeproj */;
				},
			);
			projectRoot = "";
			targets = (
				AB0AD0891C0CAA6800A5F8A2 /* CodexExample */,
				AB0AD0A21C0CAA6800A5F8A2 /* CodexExampleTests */,
			);
		};
/* End PBXProject section */

/* Begin PBXReferenceProxy section */
		AB0AD0CF1C0CB84100A5F8A2 /* Codex.framework */ = {
			isa = PBXReferenceProxy;
			fileType = wrapper.framework;
			path = Codex.framework;
			remoteRef = AB0AD0CE1C0CB84100A5F8A2 /* PBXContainerItemProxy */;
			sourceTree = BUILT_PRODUCTS_DIR;
		};
		AB0AD0D11C0CB84100A5F8A2 /* CodexTests.xctest */ = {
			isa = PBXReferenceProxy;
			fileType = wrapper.cfbundle;
			path = CodexTests.xctest;
			remoteRef = AB0AD0D01C0CB84100A5F8A2 /* PBXContainerItemProxy */;
			sourceTree = BUILT_PRODUCTS_DIR;
		};
/* End PBXReferenceProxy section */

/* Begin PBXResourcesBuildPhase section */
		AB0AD0881C0CAA6800A5F8A2 /* Resources */ = {
			isa = PBXResourcesBuildPhase;
			buildActionMask = 2147483647;
			files = (
				AB0AD1141C1618F700A5F8A2 /* FirstAuthor_v2.json in Resources */,
				AB0AD13A1C16551400A5F8A2 /* Authors.xcassets in Resources */,
				AB0AD09D1C0CAA6800A5F8A2 /* LaunchScreen.storyboard in Resources */,
				AB0AD1051C10CFFA00A5F8A2 /* Authors_v2.plist in Resources */,
				AB0AD1341C16500E00A5F8A2 /* Main.storyboard in Resources */,
				AB0AD0D91C0CE49F00A5F8A2 /* Authors.plist in Resources */,
				AB0AD09A1C0CAA6800A5F8A2 /* Assets.xcassets in Resources */,
				AB0AD0E71C0CF0D000A5F8A2 /* LICENSE.txt in Resources */,
				AB0AD13B1C16551400A5F8A2 /* Books.xcassets in Resources */,
				AB0AD1121C16122B00A5F8A2 /* Authors_v2.json in Resources */,
			);
			runOnlyForDeploymentPostprocessing = 0;
		};
		AB0AD0A11C0CAA6800A5F8A2 /* Resources */ = {
			isa = PBXResourcesBuildPhase;
			buildActionMask = 2147483647;
			files = (
				AB0AD1151C161A6700A5F8A2 /* FirstAuthor_v2.json in Resources */,
				AB0AD1061C10D6A300A5F8A2 /* Authors_v2.plist in Resources */,
				AB0AD0E81C0CF0D000A5F8A2 /* LICENSE.txt in Resources */,
				AB0AD0DA1C0CE49F00A5F8A2 /* Authors.plist in Resources */,
			);
			runOnlyForDeploymentPostprocessing = 0;
		};
/* End PBXResourcesBuildPhase section */

/* Begin PBXSourcesBuildPhase section */
		AB0AD0861C0CAA6800A5F8A2 /* Sources */ = {
			isa = PBXSourcesBuildPhase;
			buildActionMask = 2147483647;
			files = (
				AB0AD1371C16502900A5F8A2 /* ELTAppDelegate.m in Sources */,
				AB0AD0BF1C0CAC1600A5F8A2 /* CDXAuthor.m in Sources */,
				AB0AD1321C16496E00A5F8A2 /* UIColor+ELTColorScheme.m in Sources */,
				AB0AD12C1C163DE700A5F8A2 /* ELTObjectStore.m in Sources */,
				AB0AD0E31C0CEC2100A5F8A2 /* Authors.xcdatamodeld in Sources */,
				AB0AD1291C163D7D00A5F8A2 /* ELTBookCell.m in Sources */,
				AB0AD0C01C0CAC1600A5F8A2 /* CDXBook.m in Sources */,
				AB0AD1201C163BF800A5F8A2 /* ELTDataSource.m in Sources */,
				AB0AD12F1C16495100A5F8A2 /* ELTBookDetailController.m in Sources */,
				AB0AD1261C163D6F00A5F8A2 /* UIImage+ELTAdditions.m in Sources */,
				AB0AD1231C163D3700A5F8A2 /* ELTBooksController.m in Sources */,
				AB0AD08F1C0CAA6800A5F8A2 /* main.m in Sources */,
			);
			runOnlyForDeploymentPostprocessing = 0;
		};
		AB0AD09F1C0CAA6800A5F8A2 /* Sources */ = {
			isa = PBXSourcesBuildPhase;
			buildActionMask = 2147483647;
			files = (
				AB0AD0C21C0CAE9700A5F8A2 /* ExampleModelTests.m in Sources */,
				AB0AD0E41C0CEC2100A5F8A2 /* Authors.xcdatamodeld in Sources */,
			);
			runOnlyForDeploymentPostprocessing = 0;
		};
/* End PBXSourcesBuildPhase section */

/* Begin PBXTargetDependency section */
		AB0AD0A51C0CAA6800A5F8A2 /* PBXTargetDependency */ = {
			isa = PBXTargetDependency;
			target = AB0AD0891C0CAA6800A5F8A2 /* CodexExample */;
			targetProxy = AB0AD0A41C0CAA6800A5F8A2 /* PBXContainerItemProxy */;
		};
		AB0AD0D61C0CE2C500A5F8A2 /* PBXTargetDependency */ = {
			isa = PBXTargetDependency;
			name = Codex;
			targetProxy = AB0AD0D51C0CE2C500A5F8A2 /* PBXContainerItemProxy */;
		};
/* End PBXTargetDependency section */

/* Begin PBXVariantGroup section */
		AB0AD09B1C0CAA6800A5F8A2 /* LaunchScreen.storyboard */ = {
			isa = PBXVariantGroup;
			children = (
				AB0AD09C1C0CAA6800A5F8A2 /* Base */,
			);
			name = LaunchScreen.storyboard;
			sourceTree = "<group>";
		};
/* End PBXVariantGroup section */

/* Begin XCBuildConfiguration section */
		AB0AD0AA1C0CAA6800A5F8A2 /* Debug */ = {
			isa = XCBuildConfiguration;
			buildSettings = {
				ALWAYS_SEARCH_USER_PATHS = NO;
				CLANG_CXX_LANGUAGE_STANDARD = "gnu++0x";
				CLANG_CXX_LIBRARY = "libc++";
				CLANG_ENABLE_MODULES = YES;
				CLANG_ENABLE_OBJC_ARC = YES;
				CLANG_WARN_BOOL_CONVERSION = YES;
				CLANG_WARN_CONSTANT_CONVERSION = YES;
				CLANG_WARN_DIRECT_OBJC_ISA_USAGE = YES_ERROR;
				CLANG_WARN_EMPTY_BODY = YES;
				CLANG_WARN_ENUM_CONVERSION = YES;
				CLANG_WARN_INT_CONVERSION = YES;
				CLANG_WARN_OBJC_ROOT_CLASS = YES_ERROR;
				CLANG_WARN_UNREACHABLE_CODE = YES;
				CLANG_WARN__DUPLICATE_METHOD_MATCH = YES;
				"CODE_SIGN_IDENTITY[sdk=iphoneos*]" = "iPhone Developer";
				COPY_PHASE_STRIP = NO;
				DEBUG_INFORMATION_FORMAT = dwarf;
				ENABLE_STRICT_OBJC_MSGSEND = YES;
				ENABLE_TESTABILITY = YES;
				GCC_C_LANGUAGE_STANDARD = gnu99;
				GCC_DYNAMIC_NO_PIC = NO;
				GCC_NO_COMMON_BLOCKS = YES;
				GCC_OPTIMIZATION_LEVEL = 0;
				GCC_PREPROCESSOR_DEFINITIONS = (
					"DEBUG=1",
					"$(inherited)",
				);
				GCC_WARN_64_TO_32_BIT_CONVERSION = YES;
				GCC_WARN_ABOUT_RETURN_TYPE = YES_ERROR;
				GCC_WARN_UNDECLARED_SELECTOR = YES;
				GCC_WARN_UNINITIALIZED_AUTOS = YES_AGGRESSIVE;
				GCC_WARN_UNUSED_FUNCTION = YES;
				GCC_WARN_UNUSED_VARIABLE = YES;
				HEADER_SEARCH_PATHS = "";
				IPHONEOS_DEPLOYMENT_TARGET = 9.1;
				MTL_ENABLE_DEBUG_INFO = YES;
				ONLY_ACTIVE_ARCH = YES;
				SDKROOT = iphoneos;
			};
			name = Debug;
		};
		AB0AD0AB1C0CAA6800A5F8A2 /* Release */ = {
			isa = XCBuildConfiguration;
			buildSettings = {
				ALWAYS_SEARCH_USER_PATHS = NO;
				CLANG_CXX_LANGUAGE_STANDARD = "gnu++0x";
				CLANG_CXX_LIBRARY = "libc++";
				CLANG_ENABLE_MODULES = YES;
				CLANG_ENABLE_OBJC_ARC = YES;
				CLANG_WARN_BOOL_CONVERSION = YES;
				CLANG_WARN_CONSTANT_CONVERSION = YES;
				CLANG_WARN_DIRECT_OBJC_ISA_USAGE = YES_ERROR;
				CLANG_WARN_EMPTY_BODY = YES;
				CLANG_WARN_ENUM_CONVERSION = YES;
				CLANG_WARN_INT_CONVERSION = YES;
				CLANG_WARN_OBJC_ROOT_CLASS = YES_ERROR;
				CLANG_WARN_UNREACHABLE_CODE = YES;
				CLANG_WARN__DUPLICATE_METHOD_MATCH = YES;
				"CODE_SIGN_IDENTITY[sdk=iphoneos*]" = "iPhone Developer";
				COPY_PHASE_STRIP = NO;
				DEBUG_INFORMATION_FORMAT = "dwarf-with-dsym";
				ENABLE_NS_ASSERTIONS = NO;
				ENABLE_STRICT_OBJC_MSGSEND = YES;
				GCC_C_LANGUAGE_STANDARD = gnu99;
				GCC_NO_COMMON_BLOCKS = YES;
				GCC_WARN_64_TO_32_BIT_CONVERSION = YES;
				GCC_WARN_ABOUT_RETURN_TYPE = YES_ERROR;
				GCC_WARN_UNDECLARED_SELECTOR = YES;
				GCC_WARN_UNINITIALIZED_AUTOS = YES_AGGRESSIVE;
				GCC_WARN_UNUSED_FUNCTION = YES;
				GCC_WARN_UNUSED_VARIABLE = YES;
				HEADER_SEARCH_PATHS = "";
				IPHONEOS_DEPLOYMENT_TARGET = 9.1;
				MTL_ENABLE_DEBUG_INFO = NO;
				SDKROOT = iphoneos;
				VALIDATE_PRODUCT = YES;
			};
			name = Release;
		};
		AB0AD0AD1C0CAA6800A5F8A2 /* Debug */ = {
			isa = XCBuildConfiguration;
			buildSettings = {
				ASSETCATALOG_COMPILER_APPICON_NAME = AppIcon;
				HEADER_SEARCH_PATHS = "";
				INFOPLIST_FILE = CodexExample/Info.plist;
				LD_RUNPATH_SEARCH_PATHS = "$(inherited) @executable_path/Frameworks";
				PRODUCT_BUNDLE_IDENTIFIER = com.aboutobjects.CodexExample;
				PRODUCT_NAME = "$(TARGET_NAME)";
			};
			name = Debug;
		};
		AB0AD0AE1C0CAA6800A5F8A2 /* Release */ = {
			isa = XCBuildConfiguration;
			buildSettings = {
				ASSETCATALOG_COMPILER_APPICON_NAME = AppIcon;
				INFOPLIST_FILE = CodexExample/Info.plist;
				LD_RUNPATH_SEARCH_PATHS = "$(inherited) @executable_path/Frameworks";
				PRODUCT_BUNDLE_IDENTIFIER = com.aboutobjects.CodexExample;
				PRODUCT_NAME = "$(TARGET_NAME)";
			};
			name = Release;
		};
		AB0AD0B01C0CAA6800A5F8A2 /* Debug */ = {
			isa = XCBuildConfiguration;
			buildSettings = {
				BUNDLE_LOADER = "$(TEST_HOST)";
				INFOPLIST_FILE = CodexExampleTests/Info.plist;
				LD_RUNPATH_SEARCH_PATHS = "$(inherited) @executable_path/Frameworks @loader_path/Frameworks";
				PRODUCT_BUNDLE_IDENTIFIER = com.aboutobjects.CodexExampleTests;
				PRODUCT_NAME = "$(TARGET_NAME)";
				TEST_HOST = "$(BUILT_PRODUCTS_DIR)/CodexExample.app/CodexExample";
			};
			name = Debug;
		};
		AB0AD0B11C0CAA6800A5F8A2 /* Release */ = {
			isa = XCBuildConfiguration;
			buildSettings = {
				BUNDLE_LOADER = "$(TEST_HOST)";
				INFOPLIST_FILE = CodexExampleTests/Info.plist;
				LD_RUNPATH_SEARCH_PATHS = "$(inherited) @executable_path/Frameworks @loader_path/Frameworks";
				PRODUCT_BUNDLE_IDENTIFIER = com.aboutobjects.CodexExampleTests;
				PRODUCT_NAME = "$(TARGET_NAME)";
				TEST_HOST = "$(BUILT_PRODUCTS_DIR)/CodexExample.app/CodexExample";
			};
			name = Release;
		};
/* End XCBuildConfiguration section */

/* Begin XCConfigurationList section */
		AB0AD0851C0CAA6800A5F8A2 /* Build configuration list for PBXProject "CodexExample" */ = {
			isa = XCConfigurationList;
			buildConfigurations = (
				AB0AD0AA1C0CAA6800A5F8A2 /* Debug */,
				AB0AD0AB1C0CAA6800A5F8A2 /* Release */,
			);
			defaultConfigurationIsVisible = 0;
			defaultConfigurationName = Release;
		};
		AB0AD0AC1C0CAA6800A5F8A2 /* Build configuration list for PBXNativeTarget "CodexExample" */ = {
			isa = XCConfigurationList;
			buildConfigurations = (
				AB0AD0AD1C0CAA6800A5F8A2 /* Debug */,
				AB0AD0AE1C0CAA6800A5F8A2 /* Release */,
			);
			defaultConfigurationIsVisible = 0;
			defaultConfigurationName = Release;
		};
		AB0AD0AF1C0CAA6800A5F8A2 /* Build configuration list for PBXNativeTarget "CodexExampleTests" */ = {
			isa = XCConfigurationList;
			buildConfigurations = (
				AB0AD0B01C0CAA6800A5F8A2 /* Debug */,
				AB0AD0B11C0CAA6800A5F8A2 /* Release */,
			);
			defaultConfigurationIsVisible = 0;
			defaultConfigurationName = Release;
		};
/* End XCConfigurationList section */

/* Begin XCVersionGroup section */
		AB0AD0E11C0CEC2100A5F8A2 /* Authors.xcdatamodeld */ = {
			isa = XCVersionGroup;
			children = (
				AB0AD0FD1C0FBE1700A5F8A2 /* Authors 2.xcdatamodel */,
				AB0AD0E21C0CEC2100A5F8A2 /* Authors.xcdatamodel */,
			);
			currentVersion = AB0AD0FD1C0FBE1700A5F8A2 /* Authors 2.xcdatamodel */;
			path = Authors.xcdatamodeld;
			sourceTree = "<group>";
			versionGroupType = wrapper.xcdatamodel;
		};
/* End XCVersionGroup section */
	};
	rootObject = AB0AD0821C0CAA6800A5F8A2 /* Project object */;
}
