// !$*UTF8*$!
{
	archiveVersion = 1;
	classes = {
	};
	objectVersion = 46;
	objects = {

/* Begin PBXBuildFile section */
		AB0AD1801C24B20B00A5F8A2 /* AppDelegate.swift in Sources */ = {isa = PBXBuildFile; fileRef = AB0AD17F1C24B20B00A5F8A2 /* AppDelegate.swift */; };
		AB0AD1871C24B20B00A5F8A2 /* Assets.xcassets in Resources */ = {isa = PBXBuildFile; fileRef = AB0AD1861C24B20B00A5F8A2 /* Assets.xcassets */; };
		AB0AD18A1C24B20B00A5F8A2 /* LaunchScreen.storyboard in Resources */ = {isa = PBXBuildFile; fileRef = AB0AD1881C24B20B00A5F8A2 /* LaunchScreen.storyboard */; };
		AB0AD1951C24B20B00A5F8A2 /* SwiftExampleModelTests.swift in Sources */ = {isa = PBXBuildFile; fileRef = AB0AD1941C24B20B00A5F8A2 /* SwiftExampleModelTests.swift */; };
		AB0AD1A01C24B24D00A5F8A2 /* SwiftCodex.framework in Frameworks */ = {isa = PBXBuildFile; fileRef = AB0AD19F1C24B24D00A5F8A2 /* SwiftCodex.framework */; };
		AB0AD1A21C24B28700A5F8A2 /* Authors.xcassets in Resources */ = {isa = PBXBuildFile; fileRef = AB0AD1A11C24B28700A5F8A2 /* Authors.xcassets */; };
		AB0AD1A41C24B28E00A5F8A2 /* Books.xcassets in Resources */ = {isa = PBXBuildFile; fileRef = AB0AD1A31C24B28E00A5F8A2 /* Books.xcassets */; };
		AB0AD1AA1C24B2C300A5F8A2 /* Authors_v2.plist in Resources */ = {isa = PBXBuildFile; fileRef = AB0AD1A91C24B2C300A5F8A2 /* Authors_v2.plist */; };
		AB0AD1C11C24B40000A5F8A2 /* Authors.xcdatamodeld in Sources */ = {isa = PBXBuildFile; fileRef = AB0AD1BE1C24B40000A5F8A2 /* Authors.xcdatamodeld */; };
		AB0AD1C41C24B4BC00A5F8A2 /* Book.swift in Sources */ = {isa = PBXBuildFile; fileRef = AB0AD1C31C24B4BC00A5F8A2 /* Book.swift */; };
		AB0AD1C51C24B4BC00A5F8A2 /* Book.swift in Sources */ = {isa = PBXBuildFile; fileRef = AB0AD1C31C24B4BC00A5F8A2 /* Book.swift */; };
		AB0AD1C71C24B59100A5F8A2 /* Author.swift in Sources */ = {isa = PBXBuildFile; fileRef = AB0AD1C61C24B59100A5F8A2 /* Author.swift */; };
		AB0AD1C81C24B59100A5F8A2 /* Author.swift in Sources */ = {isa = PBXBuildFile; fileRef = AB0AD1C61C24B59100A5F8A2 /* Author.swift */; };
		AB545E7D1C3C776F00FD5373 /* Main.storyboard in Resources */ = {isa = PBXBuildFile; fileRef = AB545E7C1C3C776F00FD5373 /* Main.storyboard */; };
		AB545E7F1C3C77D100FD5373 /* BooksController.swift in Sources */ = {isa = PBXBuildFile; fileRef = AB545E7E1C3C77D100FD5373 /* BooksController.swift */; };
		AB545E811C3C780F00FD5373 /* BookDetailController.swift in Sources */ = {isa = PBXBuildFile; fileRef = AB545E801C3C780F00FD5373 /* BookDetailController.swift */; };
		AB545E831C3C784100FD5373 /* BookCell.swift in Sources */ = {isa = PBXBuildFile; fileRef = AB545E821C3C784100FD5373 /* BookCell.swift */; };
		AB545E851C3C78D000FD5373 /* AuthorDataSource.swift in Sources */ = {isa = PBXBuildFile; fileRef = AB545E841C3C78D000FD5373 /* AuthorDataSource.swift */; };
		AB545E891C3DA52900FD5373 /* UIImage+CodexAdditions.swift in Sources */ = {isa = PBXBuildFile; fileRef = AB545E881C3DA52900FD5373 /* UIImage+CodexAdditions.swift */; };
		AB8C5D0E1C3819F100BCF5DE /* Authors_v2.plist in Resources */ = {isa = PBXBuildFile; fileRef = AB0AD1A91C24B2C300A5F8A2 /* Authors_v2.plist */; };
		AB8C5D111C381A0D00BCF5DE /* Authors.xcdatamodeld in Sources */ = {isa = PBXBuildFile; fileRef = AB0AD1BE1C24B40000A5F8A2 /* Authors.xcdatamodeld */; };
		AB8C5D151C3C290100BCF5DE /* AuthorObjectStore.swift in Sources */ = {isa = PBXBuildFile; fileRef = AB8C5D141C3C290100BCF5DE /* AuthorObjectStore.swift */; };
		AB8C5D181C3C2FBC00BCF5DE /* AuthorObjectStore.swift in Sources */ = {isa = PBXBuildFile; fileRef = AB8C5D141C3C290100BCF5DE /* AuthorObjectStore.swift */; };
/* End PBXBuildFile section */

/* Begin PBXContainerItemProxy section */
		AB0AD1911C24B20B00A5F8A2 /* PBXContainerItemProxy */ = {
			isa = PBXContainerItemProxy;
			containerPortal = AB0AD1741C24B20B00A5F8A2 /* Project object */;
			proxyType = 1;
			remoteGlobalIDString = AB0AD17B1C24B20B00A5F8A2;
			remoteInfo = SwiftCodexExample;
		};
		AB0AD1B01C24B2EA00A5F8A2 /* PBXContainerItemProxy */ = {
			isa = PBXContainerItemProxy;
			containerPortal = AB0AD1AB1C24B2EA00A5F8A2 /* SwiftCodex.xcodeproj */;
			proxyType = 2;
			remoteGlobalIDString = AB0AD1471C18E3A700A5F8A2;
			remoteInfo = SwiftCodex;
		};
		AB0AD1B21C24B2EA00A5F8A2 /* PBXContainerItemProxy */ = {
			isa = PBXContainerItemProxy;
			containerPortal = AB0AD1AB1C24B2EA00A5F8A2 /* SwiftCodex.xcodeproj */;
			proxyType = 2;
			remoteGlobalIDString = AB0AD1681C1B437300A5F8A2;
			remoteInfo = UnitTests;
		};
/* End PBXContainerItemProxy section */

/* Begin PBXFileReference section */
		AB0AD17C1C24B20B00A5F8A2 /* SwiftCodexExample.app */ = {isa = PBXFileReference; explicitFileType = wrapper.application; includeInIndex = 0; path = SwiftCodexExample.app; sourceTree = BUILT_PRODUCTS_DIR; };
		AB0AD17F1C24B20B00A5F8A2 /* AppDelegate.swift */ = {isa = PBXFileReference; lastKnownFileType = sourcecode.swift; path = AppDelegate.swift; sourceTree = "<group>"; };
		AB0AD1861C24B20B00A5F8A2 /* Assets.xcassets */ = {isa = PBXFileReference; lastKnownFileType = folder.assetcatalog; path = Assets.xcassets; sourceTree = "<group>"; };
		AB0AD1891C24B20B00A5F8A2 /* Base */ = {isa = PBXFileReference; lastKnownFileType = file.storyboard; name = Base; path = Base.lproj/LaunchScreen.storyboard; sourceTree = "<group>"; };
		AB0AD18B1C24B20B00A5F8A2 /* Info.plist */ = {isa = PBXFileReference; lastKnownFileType = text.plist.xml; path = Info.plist; sourceTree = "<group>"; };
		AB0AD1901C24B20B00A5F8A2 /* SwiftCodexExampleTests.xctest */ = {isa = PBXFileReference; explicitFileType = wrapper.cfbundle; includeInIndex = 0; path = SwiftCodexExampleTests.xctest; sourceTree = BUILT_PRODUCTS_DIR; };
		AB0AD1941C24B20B00A5F8A2 /* SwiftExampleModelTests.swift */ = {isa = PBXFileReference; lastKnownFileType = sourcecode.swift; path = SwiftExampleModelTests.swift; sourceTree = "<group>"; };
		AB0AD1961C24B20B00A5F8A2 /* Info.plist */ = {isa = PBXFileReference; lastKnownFileType = text.plist.xml; path = Info.plist; sourceTree = "<group>"; };
		AB0AD19F1C24B24D00A5F8A2 /* SwiftCodex.framework */ = {isa = PBXFileReference; lastKnownFileType = wrapper.framework; name = SwiftCodex.framework; path = "../../../../../../private/tmp/Debug-iphoneos/SwiftCodex.framework"; sourceTree = "<group>"; };
		AB0AD1A11C24B28700A5F8A2 /* Authors.xcassets */ = {isa = PBXFileReference; lastKnownFileType = folder.assetcatalog; name = Authors.xcassets; path = ../CodexExample/CodexExample/Authors.xcassets; sourceTree = "<group>"; };
		AB0AD1A31C24B28E00A5F8A2 /* Books.xcassets */ = {isa = PBXFileReference; lastKnownFileType = folder.assetcatalog; name = Books.xcassets; path = ../CodexExample/CodexExample/Books.xcassets; sourceTree = "<group>"; };
		AB0AD1A91C24B2C300A5F8A2 /* Authors_v2.plist */ = {isa = PBXFileReference; lastKnownFileType = text.plist; name = Authors_v2.plist; path = ../CodexExample/CodexExample/Authors_v2.plist; sourceTree = "<group>"; };
		AB0AD1AB1C24B2EA00A5F8A2 /* SwiftCodex.xcodeproj */ = {isa = PBXFileReference; lastKnownFileType = "wrapper.pb-project"; name = SwiftCodex.xcodeproj; path = ../../SwiftCodex/SwiftCodex.xcodeproj; sourceTree = "<group>"; };
		AB0AD1BF1C24B40000A5F8A2 /* Authors 2.xcdatamodel */ = {isa = PBXFileReference; lastKnownFileType = wrapper.xcdatamodel; path = "Authors 2.xcdatamodel"; sourceTree = "<group>"; };
		AB0AD1C01C24B40000A5F8A2 /* Authors.xcdatamodel */ = {isa = PBXFileReference; lastKnownFileType = wrapper.xcdatamodel; path = Authors.xcdatamodel; sourceTree = "<group>"; };
		AB0AD1C31C24B4BC00A5F8A2 /* Book.swift */ = {isa = PBXFileReference; fileEncoding = 4; lastKnownFileType = sourcecode.swift; path = Book.swift; sourceTree = "<group>"; };
		AB0AD1C61C24B59100A5F8A2 /* Author.swift */ = {isa = PBXFileReference; fileEncoding = 4; lastKnownFileType = sourcecode.swift; path = Author.swift; sourceTree = "<group>"; };
		AB545E7C1C3C776F00FD5373 /* Main.storyboard */ = {isa = PBXFileReference; fileEncoding = 4; lastKnownFileType = file.storyboard; path = Main.storyboard; sourceTree = "<group>"; };
		AB545E7E1C3C77D100FD5373 /* BooksController.swift */ = {isa = PBXFileReference; fileEncoding = 4; lastKnownFileType = sourcecode.swift; path = BooksController.swift; sourceTree = "<group>"; };
		AB545E801C3C780F00FD5373 /* BookDetailController.swift */ = {isa = PBXFileReference; fileEncoding = 4; lastKnownFileType = sourcecode.swift; path = BookDetailController.swift; sourceTree = "<group>"; };
		AB545E821C3C784100FD5373 /* BookCell.swift */ = {isa = PBXFileReference; fileEncoding = 4; lastKnownFileType = sourcecode.swift; path = BookCell.swift; sourceTree = "<group>"; };
		AB545E841C3C78D000FD5373 /* AuthorDataSource.swift */ = {isa = PBXFileReference; fileEncoding = 4; lastKnownFileType = sourcecode.swift; path = AuthorDataSource.swift; sourceTree = "<group>"; };
		AB545E881C3DA52900FD5373 /* UIImage+CodexAdditions.swift */ = {isa = PBXFileReference; fileEncoding = 4; lastKnownFileType = sourcecode.swift; path = "UIImage+CodexAdditions.swift"; sourceTree = "<group>"; };
		AB8C5D141C3C290100BCF5DE /* AuthorObjectStore.swift */ = {isa = PBXFileReference; fileEncoding = 4; lastKnownFileType = sourcecode.swift; path = AuthorObjectStore.swift; sourceTree = "<group>"; };
/* End PBXFileReference section */

/* Begin PBXFrameworksBuildPhase section */
		AB0AD1791C24B20B00A5F8A2 /* Frameworks */ = {
			isa = PBXFrameworksBuildPhase;
			buildActionMask = 2147483647;
			files = (
				AB0AD1A01C24B24D00A5F8A2 /* SwiftCodex.framework in Frameworks */,
			);
			runOnlyForDeploymentPostprocessing = 0;
		};
		AB0AD18D1C24B20B00A5F8A2 /* Frameworks */ = {
			isa = PBXFrameworksBuildPhase;
			buildActionMask = 2147483647;
			files = (
			);
			runOnlyForDeploymentPostprocessing = 0;
		};
/* End PBXFrameworksBuildPhase section */

/* Begin PBXGroup section */
		AB0AD1731C24B20B00A5F8A2 = {
			isa = PBXGroup;
			children = (
				AB0AD1A91C24B2C300A5F8A2 /* Authors_v2.plist */,
				AB0AD1A31C24B28E00A5F8A2 /* Books.xcassets */,
				AB0AD1A11C24B28700A5F8A2 /* Authors.xcassets */,
				AB0AD19F1C24B24D00A5F8A2 /* SwiftCodex.framework */,
				AB0AD17E1C24B20B00A5F8A2 /* SwiftCodexExample */,
				AB0AD1931C24B20B00A5F8A2 /* SwiftCodexExampleTests */,
				AB0AD17D1C24B20B00A5F8A2 /* Products */,
			);
			sourceTree = "<group>";
		};
		AB0AD17D1C24B20B00A5F8A2 /* Products */ = {
			isa = PBXGroup;
			children = (
				AB0AD17C1C24B20B00A5F8A2 /* SwiftCodexExample.app */,
				AB0AD1901C24B20B00A5F8A2 /* SwiftCodexExampleTests.xctest */,
			);
			name = Products;
			sourceTree = "<group>";
		};
		AB0AD17E1C24B20B00A5F8A2 /* SwiftCodexExample */ = {
			isa = PBXGroup;
			children = (
				AB0AD1BE1C24B40000A5F8A2 /* Authors.xcdatamodeld */,
				AB0AD1AB1C24B2EA00A5F8A2 /* SwiftCodex.xcodeproj */,
				AB0AD1C21C24B49F00A5F8A2 /* Model */,
				AB0AD17F1C24B20B00A5F8A2 /* AppDelegate.swift */,
				AB8C5D141C3C290100BCF5DE /* AuthorObjectStore.swift */,
				AB545E841C3C78D000FD5373 /* AuthorDataSource.swift */,
				AB545E7E1C3C77D100FD5373 /* BooksController.swift */,
				AB545E801C3C780F00FD5373 /* BookDetailController.swift */,
				AB545E821C3C784100FD5373 /* BookCell.swift */,
				AB545E881C3DA52900FD5373 /* UIImage+CodexAdditions.swift */,
				AB545E7C1C3C776F00FD5373 /* Main.storyboard */,
				AB0AD1861C24B20B00A5F8A2 /* Assets.xcassets */,
				AB0AD1881C24B20B00A5F8A2 /* LaunchScreen.storyboard */,
				AB0AD18B1C24B20B00A5F8A2 /* Info.plist */,
			);
			path = SwiftCodexExample;
			sourceTree = "<group>";
		};
		AB0AD1931C24B20B00A5F8A2 /* SwiftCodexExampleTests */ = {
			isa = PBXGroup;
			children = (
				AB0AD1941C24B20B00A5F8A2 /* SwiftExampleModelTests.swift */,
				AB0AD1961C24B20B00A5F8A2 /* Info.plist */,
			);
			path = SwiftCodexExampleTests;
			sourceTree = "<group>";
		};
		AB0AD1AC1C24B2EA00A5F8A2 /* Products */ = {
			isa = PBXGroup;
			children = (
				AB0AD1B11C24B2EA00A5F8A2 /* SwiftCodex.framework */,
				AB0AD1B31C24B2EA00A5F8A2 /* UnitTests.xctest */,
			);
			name = Products;
			sourceTree = "<group>";
		};
		AB0AD1C21C24B49F00A5F8A2 /* Model */ = {
			isa = PBXGroup;
			children = (
				AB0AD1C31C24B4BC00A5F8A2 /* Book.swift */,
				AB0AD1C61C24B59100A5F8A2 /* Author.swift */,
			);
			name = Model;
			sourceTree = "<group>";
		};
/* End PBXGroup section */

/* Begin PBXNativeTarget section */
		AB0AD17B1C24B20B00A5F8A2 /* SwiftCodexExample */ = {
			isa = PBXNativeTarget;
			buildConfigurationList = AB0AD1991C24B20B00A5F8A2 /* Build configuration list for PBXNativeTarget "SwiftCodexExample" */;
			buildPhases = (
				AB0AD1781C24B20B00A5F8A2 /* Sources */,
				AB0AD1791C24B20B00A5F8A2 /* Frameworks */,
				AB0AD17A1C24B20B00A5F8A2 /* Resources */,
			);
			buildRules = (
			);
			dependencies = (
			);
			name = SwiftCodexExample;
			productName = SwiftCodexExample;
			productReference = AB0AD17C1C24B20B00A5F8A2 /* SwiftCodexExample.app */;
			productType = "com.apple.product-type.application";
		};
		AB0AD18F1C24B20B00A5F8A2 /* SwiftCodexExampleTests */ = {
			isa = PBXNativeTarget;
			buildConfigurationList = AB0AD19C1C24B20B00A5F8A2 /* Build configuration list for PBXNativeTarget "SwiftCodexExampleTests" */;
			buildPhases = (
				AB0AD18C1C24B20B00A5F8A2 /* Sources */,
				AB0AD18D1C24B20B00A5F8A2 /* Frameworks */,
				AB0AD18E1C24B20B00A5F8A2 /* Resources */,
			);
			buildRules = (
			);
			dependencies = (
				AB0AD1921C24B20B00A5F8A2 /* PBXTargetDependency */,
			);
			name = SwiftCodexExampleTests;
			productName = SwiftCodexExampleTests;
			productReference = AB0AD1901C24B20B00A5F8A2 /* SwiftCodexExampleTests.xctest */;
			productType = "com.apple.product-type.bundle.unit-test";
		};
/* End PBXNativeTarget section */

/* Begin PBXProject section */
		AB0AD1741C24B20B00A5F8A2 /* Project object */ = {
			isa = PBXProject;
			attributes = {
				LastSwiftUpdateCheck = 0710;
				LastUpgradeCheck = 0710;
				ORGANIZATIONNAME = "About Objects";
				TargetAttributes = {
					AB0AD17B1C24B20B00A5F8A2 = {
						CreatedOnToolsVersion = 7.1.1;
					};
					AB0AD18F1C24B20B00A5F8A2 = {
						CreatedOnToolsVersion = 7.1.1;
						TestTargetID = AB0AD17B1C24B20B00A5F8A2;
					};
				};
			};
			buildConfigurationList = AB0AD1771C24B20B00A5F8A2 /* Build configuration list for PBXProject "SwiftCodexExample" */;
			compatibilityVersion = "Xcode 3.2";
			developmentRegion = English;
			hasScannedForEncodings = 0;
			knownRegions = (
				en,
				Base,
			);
			mainGroup = AB0AD1731C24B20B00A5F8A2;
			productRefGroup = AB0AD17D1C24B20B00A5F8A2 /* Products */;
			projectDirPath = "";
			projectReferences = (
				{
					ProductGroup = AB0AD1AC1C24B2EA00A5F8A2 /* Products */;
					ProjectRef = AB0AD1AB1C24B2EA00A5F8A2 /* SwiftCodex.xcodeproj */;
				},
			);
			projectRoot = "";
			targets = (
				AB0AD17B1C24B20B00A5F8A2 /* SwiftCodexExample */,
				AB0AD18F1C24B20B00A5F8A2 /* SwiftCodexExampleTests */,
			);
		};
/* End PBXProject section */

/* Begin PBXReferenceProxy section */
		AB0AD1B11C24B2EA00A5F8A2 /* SwiftCodex.framework */ = {
			isa = PBXReferenceProxy;
			fileType = wrapper.framework;
			path = SwiftCodex.framework;
			remoteRef = AB0AD1B01C24B2EA00A5F8A2 /* PBXContainerItemProxy */;
			sourceTree = BUILT_PRODUCTS_DIR;
		};
		AB0AD1B31C24B2EA00A5F8A2 /* UnitTests.xctest */ = {
			isa = PBXReferenceProxy;
			fileType = wrapper.cfbundle;
			path = UnitTests.xctest;
			remoteRef = AB0AD1B21C24B2EA00A5F8A2 /* PBXContainerItemProxy */;
			sourceTree = BUILT_PRODUCTS_DIR;
		};
/* End PBXReferenceProxy section */

/* Begin PBXResourcesBuildPhase section */
		AB0AD17A1C24B20B00A5F8A2 /* Resources */ = {
			isa = PBXResourcesBuildPhase;
			buildActionMask = 2147483647;
			files = (
				AB0AD1AA1C24B2C300A5F8A2 /* Authors_v2.plist in Resources */,
				AB0AD1A21C24B28700A5F8A2 /* Authors.xcassets in Resources */,
				AB0AD1A41C24B28E00A5F8A2 /* Books.xcassets in Resources */,
				AB545E7D1C3C776F00FD5373 /* Main.storyboard in Resources */,
				AB0AD18A1C24B20B00A5F8A2 /* LaunchScreen.storyboard in Resources */,
				AB0AD1871C24B20B00A5F8A2 /* Assets.xcassets in Resources */,
			);
			runOnlyForDeploymentPostprocessing = 0;
		};
		AB0AD18E1C24B20B00A5F8A2 /* Resources */ = {
			isa = PBXResourcesBuildPhase;
			buildActionMask = 2147483647;
			files = (
				AB8C5D0E1C3819F100BCF5DE /* Authors_v2.plist in Resources */,
			);
			runOnlyForDeploymentPostprocessing = 0;
		};
/* End PBXResourcesBuildPhase section */

/* Begin PBXSourcesBuildPhase section */
		AB0AD1781C24B20B00A5F8A2 /* Sources */ = {
			isa = PBXSourcesBuildPhase;
			buildActionMask = 2147483647;
			files = (
				AB545E7F1C3C77D100FD5373 /* BooksController.swift in Sources */,
				AB545E811C3C780F00FD5373 /* BookDetailController.swift in Sources */,
				AB0AD1C41C24B4BC00A5F8A2 /* Book.swift in Sources */,
				AB545E851C3C78D000FD5373 /* AuthorDataSource.swift in Sources */,
				AB0AD1C11C24B40000A5F8A2 /* Authors.xcdatamodeld in Sources */,
				AB545E831C3C784100FD5373 /* BookCell.swift in Sources */,
				AB0AD1801C24B20B00A5F8A2 /* AppDelegate.swift in Sources */,
				AB8C5D151C3C290100BCF5DE /* AuthorObjectStore.swift in Sources */,
				AB0AD1C71C24B59100A5F8A2 /* Author.swift in Sources */,
				AB545E891C3DA52900FD5373 /* UIImage+CodexAdditions.swift in Sources */,
			);
			runOnlyForDeploymentPostprocessing = 0;
		};
		AB0AD18C1C24B20B00A5F8A2 /* Sources */ = {
			isa = PBXSourcesBuildPhase;
			buildActionMask = 2147483647;
			files = (
				AB8C5D111C381A0D00BCF5DE /* Authors.xcdatamodeld in Sources */,
				AB0AD1C81C24B59100A5F8A2 /* Author.swift in Sources */,
				AB0AD1C51C24B4BC00A5F8A2 /* Book.swift in Sources */,
				AB8C5D181C3C2FBC00BCF5DE /* AuthorObjectStore.swift in Sources */,
				AB0AD1951C24B20B00A5F8A2 /* SwiftExampleModelTests.swift in Sources */,
			);
			runOnlyForDeploymentPostprocessing = 0;
		};
/* End PBXSourcesBuildPhase section */

/* Begin PBXTargetDependency section */
		AB0AD1921C24B20B00A5F8A2 /* PBXTargetDependency */ = {
			isa = PBXTargetDependency;
			target = AB0AD17B1C24B20B00A5F8A2 /* SwiftCodexExample */;
			targetProxy = AB0AD1911C24B20B00A5F8A2 /* PBXContainerItemProxy */;
		};
/* End PBXTargetDependency section */

/* Begin PBXVariantGroup section */
		AB0AD1881C24B20B00A5F8A2 /* LaunchScreen.storyboard */ = {
			isa = PBXVariantGroup;
			children = (
				AB0AD1891C24B20B00A5F8A2 /* Base */,
			);
			name = LaunchScreen.storyboard;
			sourceTree = "<group>";
		};
/* End PBXVariantGroup section */

/* Begin XCBuildConfiguration section */
		AB0AD1971C24B20B00A5F8A2 /* Debug */ = {
			isa = XCBuildConfiguration;
			buildSettings = {
				ALWAYS_SEARCH_USER_PATHS = NO;
				CLANG_CXX_LANGUAGE_STANDARD = "gnu++0x";
				CLANG_CXX_LIBRARY = "libc++";
				CLANG_ENABLE_MODULES = YES;
				CLANG_ENABLE_OBJC_ARC = YES;
				CLANG_WARN_BOOL_CONVERSION = YES;
				CLANG_WARN_CONSTANT_CONVERSION = YES;
				CLANG_WARN_DIRECT_OBJC_ISA_USAGE = YES_ERROR;
				CLANG_WARN_EMPTY_BODY = YES;
				CLANG_WARN_ENUM_CONVERSION = YES;
				CLANG_WARN_INT_CONVERSION = YES;
				CLANG_WARN_OBJC_ROOT_CLASS = YES_ERROR;
				CLANG_WARN_UNREACHABLE_CODE = YES;
				CLANG_WARN__DUPLICATE_METHOD_MATCH = YES;
				"CODE_SIGN_IDENTITY[sdk=iphoneos*]" = "iPhone Developer";
				COPY_PHASE_STRIP = NO;
				DEBUG_INFORMATION_FORMAT = dwarf;
				ENABLE_STRICT_OBJC_MSGSEND = YES;
				ENABLE_TESTABILITY = YES;
				GCC_C_LANGUAGE_STANDARD = gnu99;
				GCC_DYNAMIC_NO_PIC = NO;
				GCC_NO_COMMON_BLOCKS = YES;
				GCC_OPTIMIZATION_LEVEL = 0;
				GCC_PREPROCESSOR_DEFINITIONS = (
					"DEBUG=1",
					"$(inherited)",
				);
				GCC_WARN_64_TO_32_BIT_CONVERSION = YES;
				GCC_WARN_ABOUT_RETURN_TYPE = YES_ERROR;
				GCC_WARN_UNDECLARED_SELECTOR = YES;
				GCC_WARN_UNINITIALIZED_AUTOS = YES_AGGRESSIVE;
				GCC_WARN_UNUSED_FUNCTION = YES;
				GCC_WARN_UNUSED_VARIABLE = YES;
				IPHONEOS_DEPLOYMENT_TARGET = 9.1;
				MTL_ENABLE_DEBUG_INFO = YES;
				ONLY_ACTIVE_ARCH = YES;
				SDKROOT = iphoneos;
				SWIFT_OPTIMIZATION_LEVEL = "-Onone";
			};
			name = Debug;
		};
		AB0AD1981C24B20B00A5F8A2 /* Release */ = {
			isa = XCBuildConfiguration;
			buildSettings = {
				ALWAYS_SEARCH_USER_PATHS = NO;
				CLANG_CXX_LANGUAGE_STANDARD = "gnu++0x";
				CLANG_CXX_LIBRARY = "libc++";
				CLANG_ENABLE_MODULES = YES;
				CLANG_ENABLE_OBJC_ARC = YES;
				CLANG_WARN_BOOL_CONVERSION = YES;
				CLANG_WARN_CONSTANT_CONVERSION = YES;
				CLANG_WARN_DIRECT_OBJC_ISA_USAGE = YES_ERROR;
				CLANG_WARN_EMPTY_BODY = YES;
				CLANG_WARN_ENUM_CONVERSION = YES;
				CLANG_WARN_INT_CONVERSION = YES;
				CLANG_WARN_OBJC_ROOT_CLASS = YES_ERROR;
				CLANG_WARN_UNREACHABLE_CODE = YES;
				CLANG_WARN__DUPLICATE_METHOD_MATCH = YES;
				"CODE_SIGN_IDENTITY[sdk=iphoneos*]" = "iPhone Developer";
				COPY_PHASE_STRIP = NO;
				DEBUG_INFORMATION_FORMAT = "dwarf-with-dsym";
				ENABLE_NS_ASSERTIONS = NO;
				ENABLE_STRICT_OBJC_MSGSEND = YES;
				GCC_C_LANGUAGE_STANDARD = gnu99;
				GCC_NO_COMMON_BLOCKS = YES;
				GCC_WARN_64_TO_32_BIT_CONVERSION = YES;
				GCC_WARN_ABOUT_RETURN_TYPE = YES_ERROR;
				GCC_WARN_UNDECLARED_SELECTOR = YES;
				GCC_WARN_UNINITIALIZED_AUTOS = YES_AGGRESSIVE;
				GCC_WARN_UNUSED_FUNCTION = YES;
				GCC_WARN_UNUSED_VARIABLE = YES;
				IPHONEOS_DEPLOYMENT_TARGET = 9.1;
				MTL_ENABLE_DEBUG_INFO = NO;
				SDKROOT = iphoneos;
				VALIDATE_PRODUCT = YES;
			};
			name = Release;
		};
		AB0AD19A1C24B20B00A5F8A2 /* Debug */ = {
			isa = XCBuildConfiguration;
			buildSettings = {
				ASSETCATALOG_COMPILER_APPICON_NAME = AppIcon;
				INFOPLIST_FILE = SwiftCodexExample/Info.plist;
				LD_RUNPATH_SEARCH_PATHS = "$(inherited) @executable_path/Frameworks";
				PRODUCT_BUNDLE_IDENTIFIER = com.aboutobjects.SwiftCodexExample;
				PRODUCT_NAME = "$(TARGET_NAME)";
			};
			name = Debug;
		};
		AB0AD19B1C24B20B00A5F8A2 /* Release */ = {
			isa = XCBuildConfiguration;
			buildSettings = {
				ASSETCATALOG_COMPILER_APPICON_NAME = AppIcon;
				INFOPLIST_FILE = SwiftCodexExample/Info.plist;
				LD_RUNPATH_SEARCH_PATHS = "$(inherited) @executable_path/Frameworks";
				PRODUCT_BUNDLE_IDENTIFIER = com.aboutobjects.SwiftCodexExample;
				PRODUCT_NAME = "$(TARGET_NAME)";
			};
			name = Release;
		};
		AB0AD19D1C24B20B00A5F8A2 /* Debug */ = {
			isa = XCBuildConfiguration;
			buildSettings = {
				BUNDLE_LOADER = "$(TEST_HOST)";
				INFOPLIST_FILE = SwiftCodexExampleTests/Info.plist;
				LD_RUNPATH_SEARCH_PATHS = "$(inherited) @executable_path/Frameworks @loader_path/Frameworks";
				PRODUCT_BUNDLE_IDENTIFIER = com.aboutobjects.SwiftCodexExampleTests;
				PRODUCT_NAME = "$(TARGET_NAME)";
				TEST_HOST = "$(BUILT_PRODUCTS_DIR)/SwiftCodexExample.app/SwiftCodexExample";
			};
			name = Debug;
		};
		AB0AD19E1C24B20B00A5F8A2 /* Release */ = {
			isa = XCBuildConfiguration;
			buildSettings = {
				BUNDLE_LOADER = "$(TEST_HOST)";
				INFOPLIST_FILE = SwiftCodexExampleTests/Info.plist;
				LD_RUNPATH_SEARCH_PATHS = "$(inherited) @executable_path/Frameworks @loader_path/Frameworks";
				PRODUCT_BUNDLE_IDENTIFIER = com.aboutobjects.SwiftCodexExampleTests;
				PRODUCT_NAME = "$(TARGET_NAME)";
				TEST_HOST = "$(BUILT_PRODUCTS_DIR)/SwiftCodexExample.app/SwiftCodexExample";
			};
			name = Release;
		};
/* End XCBuildConfiguration section */

/* Begin XCConfigurationList section */
		AB0AD1771C24B20B00A5F8A2 /* Build configuration list for PBXProject "SwiftCodexExample" */ = {
			isa = XCConfigurationList;
			buildConfigurations = (
				AB0AD1971C24B20B00A5F8A2 /* Debug */,
				AB0AD1981C24B20B00A5F8A2 /* Release */,
			);
			defaultConfigurationIsVisible = 0;
			defaultConfigurationName = Release;
		};
		AB0AD1991C24B20B00A5F8A2 /* Build configuration list for PBXNativeTarget "SwiftCodexExample" */ = {
			isa = XCConfigurationList;
			buildConfigurations = (
				AB0AD19A1C24B20B00A5F8A2 /* Debug */,
				AB0AD19B1C24B20B00A5F8A2 /* Release */,
			);
			defaultConfigurationIsVisible = 0;
			defaultConfigurationName = Release;
		};
		AB0AD19C1C24B20B00A5F8A2 /* Build configuration list for PBXNativeTarget "SwiftCodexExampleTests" */ = {
			isa = XCConfigurationList;
			buildConfigurations = (
				AB0AD19D1C24B20B00A5F8A2 /* Debug */,
				AB0AD19E1C24B20B00A5F8A2 /* Release */,
			);
			defaultConfigurationIsVisible = 0;
			defaultConfigurationName = Release;
		};
/* End XCConfigurationList section */

/* Begin XCVersionGroup section */
		AB0AD1BE1C24B40000A5F8A2 /* Authors.xcdatamodeld */ = {
			isa = XCVersionGroup;
			children = (
				AB0AD1BF1C24B40000A5F8A2 /* Authors 2.xcdatamodel */,
				AB0AD1C01C24B40000A5F8A2 /* Authors.xcdatamodel */,
			);
			currentVersion = AB0AD1BF1C24B40000A5F8A2 /* Authors 2.xcdatamodel */;
			path = Authors.xcdatamodeld;
			sourceTree = "<group>";
			versionGroupType = wrapper.xcdatamodel;
		};
/* End XCVersionGroup section */
	};
	rootObject = AB0AD1741C24B20B00A5F8A2 /* Project object */;
}
